
Microsoft Visual Studio Solution File, Format Version 12.00
# Visual Studio 15
VisualStudioVersion = 15.0.27130.2010
MinimumVisualStudioVersion = 10.0.40219.1
Project("{8BC9CEB8-8B4A-11D0-8D11-00A0C91BC942}") = "Jagerts.Kaleid.Graphics", "Jagerts.Kaleid.Graphics\Jagerts.Kaleid.Graphics.vcxproj", "{B0D1FC24-7ED7-4F0A-B51B-0864F52F4F77}"
EndProject
Project("{8BC9CEB8-8B4A-11D0-8D11-00A0C91BC942}") = "Jagerts.Kaleid.Application", "Jagerts.Kaleid.Application\Jagerts.Kaleid.Application.vcxproj", "{1C805FD6-885C-4307-9EDA-18F072986F5B}"
EndProject
Project("{8BC9CEB8-8B4A-11D0-8D11-00A0C91BC942}") = "Jagerts.Kaleid.Game", "Jagerts.Kaleid.Game\Jagerts.Kaleid.Game.vcxproj", "{29DC283F-B80E-4650-A60E-A294947FDBCD}"
EndProject
Project("{8BC9CEB8-8B4A-11D0-8D11-00A0C91BC942}") = "Jagerts.Kaleid.Math", "Jagerts.Kaleid.Math\Jagerts.Kaleid.Math.vcxproj", "{D7EA2988-DB27-4004-AB6B-C81A923164DF}"
EndProject
Project("{8BC9CEB8-8B4A-11D0-8D11-00A0C91BC942}") = "Jagerts.Kaleid.IO", "Jagerts.Kaleid.IO\Jagerts.Kaleid.IO.vcxproj", "{5E0F4E87-9AE9-4401-A95D-7C23E44F2579}"
EndProject
Project("{8BC9CEB8-8B4A-11D0-8D11-00A0C91BC942}") = "Jagerts.Kaleid.Geometry", "Jagerts.Kaleid.Geometry\Jagerts.Kaleid.Geometry.vcxproj", "{F5E121A6-0652-4FE0-8D93-4C05A473FFCE}"
EndProject
Project("{8BC9CEB8-8B4A-11D0-8D11-00A0C91BC942}") = "Jagerts.Kaleid.Input", "Jagerts.Kaleid.Input\Jagerts.Kaleid.Input.vcxproj", "{EA568D2A-DE04-4EE7-B141-C6F66AFA0B84}"
EndProject
Project("{2150E333-8FDC-42A3-9474-1A3956D46DE8}") = "Core", "Core", "{48C3AE6D-8A9C-4F5D-AB92-B44DD74CBDFF}"
EndProject
Project("{2150E333-8FDC-42A3-9474-1A3956D46DE8}") = "Misc", "Misc", "{AACFECDC-7203-4199-BEDE-B629EBF115A4}"
EndProject
Project("{2150E333-8FDC-42A3-9474-1A3956D46DE8}") = "Application", "Application", "{625CE834-44F2-40E3-9F77-237C3B1937C5}"
EndProject
Project("{8BC9CEB8-8B4A-11D0-8D11-00A0C91BC942}") = "Jagerts.Kaleid.Physics", "Jagerts.Kaleid.Physics\Jagerts.Kaleid.Physics.vcxproj", "{E6DC4FE7-D346-436E-B118-6F1F491F09A2}"
EndProject
Global
	GlobalSection(SolutionConfigurationPlatforms) = preSolution
		Debug|x64 = Debug|x64
		Debug|x86 = Debug|x86
		Release|x64 = Release|x64
		Release|x86 = Release|x86
	EndGlobalSection
	GlobalSection(ProjectConfigurationPlatforms) = postSolution
		{B0D1FC24-7ED7-4F0A-B51B-0864F52F4F77}.Debug|x64.ActiveCfg = Debug|x64
		{B0D1FC24-7ED7-4F0A-B51B-0864F52F4F77}.Debug|x64.Build.0 = Debug|x64
		{B0D1FC24-7ED7-4F0A-B51B-0864F52F4F77}.Debug|x86.ActiveCfg = Debug|Win32
		{B0D1FC24-7ED7-4F0A-B51B-0864F52F4F77}.Debug|x86.Build.0 = Debug|Win32
		{B0D1FC24-7ED7-4F0A-B51B-0864F52F4F77}.Release|x64.ActiveCfg = Release|x64
		{B0D1FC24-7ED7-4F0A-B51B-0864F52F4F77}.Release|x64.Build.0 = Release|x64
		{B0D1FC24-7ED7-4F0A-B51B-0864F52F4F77}.Release|x86.ActiveCfg = Release|Win32
		{B0D1FC24-7ED7-4F0A-B51B-0864F52F4F77}.Release|x86.Build.0 = Release|Win32
		{1C805FD6-885C-4307-9EDA-18F072986F5B}.Debug|x64.ActiveCfg = Debug|x64
		{1C805FD6-885C-4307-9EDA-18F072986F5B}.Debug|x64.Build.0 = Debug|x64
		{1C805FD6-885C-4307-9EDA-18F072986F5B}.Debug|x86.ActiveCfg = Debug|Win32
		{1C805FD6-885C-4307-9EDA-18F072986F5B}.Debug|x86.Build.0 = Debug|Win32
		{1C805FD6-885C-4307-9EDA-18F072986F5B}.Release|x64.ActiveCfg = Release|x64
		{1C805FD6-885C-4307-9EDA-18F072986F5B}.Release|x64.Build.0 = Release|x64
		{1C805FD6-885C-4307-9EDA-18F072986F5B}.Release|x86.ActiveCfg = Release|Win32
		{1C805FD6-885C-4307-9EDA-18F072986F5B}.Release|x86.Build.0 = Release|Win32
		{29DC283F-B80E-4650-A60E-A294947FDBCD}.Debug|x64.ActiveCfg = Debug|x64
		{29DC283F-B80E-4650-A60E-A294947FDBCD}.Debug|x64.Build.0 = Debug|x64
		{29DC283F-B80E-4650-A60E-A294947FDBCD}.Debug|x86.ActiveCfg = Debug|Win32
		{29DC283F-B80E-4650-A60E-A294947FDBCD}.Debug|x86.Build.0 = Debug|Win32
		{29DC283F-B80E-4650-A60E-A294947FDBCD}.Release|x64.ActiveCfg = Release|x64
		{29DC283F-B80E-4650-A60E-A294947FDBCD}.Release|x64.Build.0 = Release|x64
		{29DC283F-B80E-4650-A60E-A294947FDBCD}.Release|x86.ActiveCfg = Release|Win32
		{29DC283F-B80E-4650-A60E-A294947FDBCD}.Release|x86.Build.0 = Release|Win32
		{D7EA2988-DB27-4004-AB6B-C81A923164DF}.Debug|x64.ActiveCfg = Debug|x64
		{D7EA2988-DB27-4004-AB6B-C81A923164DF}.Debug|x64.Build.0 = Debug|x64
		{D7EA2988-DB27-4004-AB6B-C81A923164DF}.Debug|x86.ActiveCfg = Debug|Win32
		{D7EA2988-DB27-4004-AB6B-C81A923164DF}.Debug|x86.Build.0 = Debug|Win32
		{D7EA2988-DB27-4004-AB6B-C81A923164DF}.Release|x64.ActiveCfg = Release|x64
		{D7EA2988-DB27-4004-AB6B-C81A923164DF}.Release|x64.Build.0 = Release|x64
		{D7EA2988-DB27-4004-AB6B-C81A923164DF}.Release|x86.ActiveCfg = Release|Win32
		{D7EA2988-DB27-4004-AB6B-C81A923164DF}.Release|x86.Build.0 = Release|Win32
		{5E0F4E87-9AE9-4401-A95D-7C23E44F2579}.Debug|x64.ActiveCfg = Debug|x64
		{5E0F4E87-9AE9-4401-A95D-7C23E44F2579}.Debug|x64.Build.0 = Debug|x64
		{5E0F4E87-9AE9-4401-A95D-7C23E44F2579}.Debug|x86.ActiveCfg = Debug|Win32
		{5E0F4E87-9AE9-4401-A95D-7C23E44F2579}.Debug|x86.Build.0 = Debug|Win32
		{5E0F4E87-9AE9-4401-A95D-7C23E44F2579}.Release|x64.ActiveCfg = Release|x64
		{5E0F4E87-9AE9-4401-A95D-7C23E44F2579}.Release|x64.Build.0 = Release|x64
		{5E0F4E87-9AE9-4401-A95D-7C23E44F2579}.Release|x86.ActiveCfg = Release|Win32
		{5E0F4E87-9AE9-4401-A95D-7C23E44F2579}.Release|x86.Build.0 = Release|Win32
		{F5E121A6-0652-4FE0-8D93-4C05A473FFCE}.Debug|x64.ActiveCfg = Debug|x64
		{F5E121A6-0652-4FE0-8D93-4C05A473FFCE}.Debug|x64.Build.0 = Debug|x64
		{F5E121A6-0652-4FE0-8D93-4C05A473FFCE}.Debug|x86.ActiveCfg = Debug|Win32
		{F5E121A6-0652-4FE0-8D93-4C05A473FFCE}.Debug|x86.Build.0 = Debug|Win32
		{F5E121A6-0652-4FE0-8D93-4C05A473FFCE}.Release|x64.ActiveCfg = Release|x64
		{F5E121A6-0652-4FE0-8D93-4C05A473FFCE}.Release|x64.Build.0 = Release|x64
		{F5E121A6-0652-4FE0-8D93-4C05A473FFCE}.Release|x86.ActiveCfg = Release|Win32
		{F5E121A6-0652-4FE0-8D93-4C05A473FFCE}.Release|x86.Build.0 = Release|Win32
		{EA568D2A-DE04-4EE7-B141-C6F66AFA0B84}.Debug|x64.ActiveCfg = Debug|x64
		{EA568D2A-DE04-4EE7-B141-C6F66AFA0B84}.Debug|x64.Build.0 = Debug|x64
		{EA568D2A-DE04-4EE7-B141-C6F66AFA0B84}.Debug|x86.ActiveCfg = Debug|Win32
		{EA568D2A-DE04-4EE7-B141-C6F66AFA0B84}.Debug|x86.Build.0 = Debug|Win32
		{EA568D2A-DE04-4EE7-B141-C6F66AFA0B84}.Release|x64.ActiveCfg = Release|x64
		{EA568D2A-DE04-4EE7-B141-C6F66AFA0B84}.Release|x64.Build.0 = Release|x64
		{EA568D2A-DE04-4EE7-B141-C6F66AFA0B84}.Release|x86.ActiveCfg = Release|Win32
		{EA568D2A-DE04-4EE7-B141-C6F66AFA0B84}.Release|x86.Build.0 = Release|Win32
		{E6DC4FE7-D346-436E-B118-6F1F491F09A2}.Debug|x64.ActiveCfg = Debug|x64
		{E6DC4FE7-D346-436E-B118-6F1F491F09A2}.Debug|x64.Build.0 = Debug|x64
		{E6DC4FE7-D346-436E-B118-6F1F491F09A2}.Debug|x86.ActiveCfg = Debug|Win32
		{E6DC4FE7-D346-436E-B118-6F1F491F09A2}.Debug|x86.Build.0 = Debug|Win32
		{E6DC4FE7-D346-436E-B118-6F1F491F09A2}.Release|x64.ActiveCfg = Release|x64
		{E6DC4FE7-D346-436E-B118-6F1F491F09A2}.Release|x64.Build.0 = Release|x64
		{E6DC4FE7-D346-436E-B118-6F1F491F09A2}.Release|x86.ActiveCfg = Release|Win32
		{E6DC4FE7-D346-436E-B118-6F1F491F09A2}.Release|x86.Build.0 = Release|Win32
	EndGlobalSection
	GlobalSection(SolutionProperties) = preSolution
		HideSolutionNode = FALSE
	EndGlobalSection
	GlobalSection(NestedProjects) = preSolution
		{B0D1FC24-7ED7-4F0A-B51B-0864F52F4F77} = {48C3AE6D-8A9C-4F5D-AB92-B44DD74CBDFF}
		{1C805FD6-885C-4307-9EDA-18F072986F5B} = {625CE834-44F2-40E3-9F77-237C3B1937C5}
		{29DC283F-B80E-4650-A60E-A294947FDBCD} = {48C3AE6D-8A9C-4F5D-AB92-B44DD74CBDFF}
		{D7EA2988-DB27-4004-AB6B-C81A923164DF} = {48C3AE6D-8A9C-4F5D-AB92-B44DD74CBDFF}
		{5E0F4E87-9AE9-4401-A95D-7C23E44F2579} = {AACFECDC-7203-4199-BEDE-B629EBF115A4}
		{F5E121A6-0652-4FE0-8D93-4C05A473FFCE} = {AACFECDC-7203-4199-BEDE-B629EBF115A4}
		{EA568D2A-DE04-4EE7-B141-C6F66AFA0B84} = {48C3AE6D-8A9C-4F5D-AB92-B44DD74CBDFF}
		{E6DC4FE7-D346-436E-B118-6F1F491F09A2} = {48C3AE6D-8A9C-4F5D-AB92-B44DD74CBDFF}
	EndGlobalSection
	GlobalSection(ExtensibilityGlobals) = postSolution
		SolutionGuid = {B7641659-1505-4530-9A38-69EF0F794763}
	EndGlobalSection
EndGlobal
