
Microsoft Visual Studio Solution File, Format Version 12.00
# Visual Studio 15
VisualStudioVersion = 15.0.26730.12
MinimumVisualStudioVersion = 10.0.40219.1
Project("{8BC9CEB8-8B4A-11D0-8D11-00A0C91BC942}") = "Kaleid.Graphics", "Build\Kaleid.Graphics\Kaleid.Graphics.vcxproj", "{B0D1FC24-7ED7-4F0A-B51B-0864F52F4F77}"
EndProject
Project("{8BC9CEB8-8B4A-11D0-8D11-00A0C91BC942}") = "Kaleid.Platform.Win32", "Build\Kaleid.Platform.Win32\Kaleid.Platform.Win32.vcxproj", "{1C805FD6-885C-4307-9EDA-18F072986F5B}"
EndProject
Project("{8BC9CEB8-8B4A-11D0-8D11-00A0C91BC942}") = "Kaleid.Graphics.OpenGL", "Build\Kaleid.Graphics.OpenGL\Kaleid.Graphics.OpenGL.vcxproj", "{A40A37D2-C6D0-4C83-9084-10D63826E642}"
EndProject
Global
	GlobalSection(SolutionConfigurationPlatforms) = preSolution
		Debug|x64 = Debug|x64
		Debug|x86 = Debug|x86
		Release|x64 = Release|x64
		Release|x86 = Release|x86
	EndGlobalSection
	GlobalSection(ProjectConfigurationPlatforms) = postSolution
		{B0D1FC24-7ED7-4F0A-B51B-0864F52F4F77}.Debug|x64.ActiveCfg = Debug|x64
		{B0D1FC24-7ED7-4F0A-B51B-0864F52F4F77}.Debug|x64.Build.0 = Debug|x64
		{B0D1FC24-7ED7-4F0A-B51B-0864F52F4F77}.Debug|x86.ActiveCfg = Debug|Win32
		{B0D1FC24-7ED7-4F0A-B51B-0864F52F4F77}.Debug|x86.Build.0 = Debug|Win32
		{B0D1FC24-7ED7-4F0A-B51B-0864F52F4F77}.Release|x64.ActiveCfg = Release|x64
		{B0D1FC24-7ED7-4F0A-B51B-0864F52F4F77}.Release|x64.Build.0 = Release|x64
		{B0D1FC24-7ED7-4F0A-B51B-0864F52F4F77}.Release|x86.ActiveCfg = Release|Win32
		{B0D1FC24-7ED7-4F0A-B51B-0864F52F4F77}.Release|x86.Build.0 = Release|Win32
		{1C805FD6-885C-4307-9EDA-18F072986F5B}.Debug|x64.ActiveCfg = Debug|x64
		{1C805FD6-885C-4307-9EDA-18F072986F5B}.Debug|x64.Build.0 = Debug|x64
		{1C805FD6-885C-4307-9EDA-18F072986F5B}.Debug|x86.ActiveCfg = Debug|Win32
		{1C805FD6-885C-4307-9EDA-18F072986F5B}.Debug|x86.Build.0 = Debug|Win32
		{1C805FD6-885C-4307-9EDA-18F072986F5B}.Release|x64.ActiveCfg = Release|x64
		{1C805FD6-885C-4307-9EDA-18F072986F5B}.Release|x64.Build.0 = Release|x64
		{1C805FD6-885C-4307-9EDA-18F072986F5B}.Release|x86.ActiveCfg = Release|Win32
		{1C805FD6-885C-4307-9EDA-18F072986F5B}.Release|x86.Build.0 = Release|Win32
		{A40A37D2-C6D0-4C83-9084-10D63826E642}.Debug|x64.ActiveCfg = Debug|x64
		{A40A37D2-C6D0-4C83-9084-10D63826E642}.Debug|x64.Build.0 = Debug|x64
		{A40A37D2-C6D0-4C83-9084-10D63826E642}.Debug|x86.ActiveCfg = Debug|Win32
		{A40A37D2-C6D0-4C83-9084-10D63826E642}.Debug|x86.Build.0 = Debug|Win32
		{A40A37D2-C6D0-4C83-9084-10D63826E642}.Release|x64.ActiveCfg = Release|x64
		{A40A37D2-C6D0-4C83-9084-10D63826E642}.Release|x64.Build.0 = Release|x64
		{A40A37D2-C6D0-4C83-9084-10D63826E642}.Release|x86.ActiveCfg = Release|Win32
		{A40A37D2-C6D0-4C83-9084-10D63826E642}.Release|x86.Build.0 = Release|Win32
	EndGlobalSection
	GlobalSection(SolutionProperties) = preSolution
		HideSolutionNode = FALSE
	EndGlobalSection
	GlobalSection(ExtensibilityGlobals) = postSolution
		SolutionGuid = {B7641659-1505-4530-9A38-69EF0F794763}
	EndGlobalSection
EndGlobal
