<?xml version="1.0" encoding="utf-8"?>
<Project ToolsVersion="4.0" xmlns="http://schemas.microsoft.com/developer/msbuild/2003">
  <ItemGroup>
    <ClInclude Include="..\Kaleid.Shared\Common.hpp">
      <Filter>Shared</Filter>
    </ClInclude>
    <ClInclude Include="Nullable.hpp">
      <Filter>Types</Filter>
    </ClInclude>
    <ClInclude Include="PrimitiveTypes.hpp">
      <Filter>Types</Filter>
    </ClInclude>
    <ClInclude Include="EventHandler.hpp">
      <Filter>Events</Filter>
    </ClInclude>
    <ClInclude Include="StringHelper.hpp">
      <Filter>Extensions</Filter>
    </ClInclude>
    <ClInclude Include="VectorHelper.hpp">
      <Filter>Extensions</Filter>
    </ClInclude>
  </ItemGroup>
  <ItemGroup>
    <Filter Include="Shared">
      <UniqueIdentifier>{657c1edc-9544-49c7-9357-b8a6e9f511ac}</UniqueIdentifier>
    </Filter>
    <Filter Include="Extensions">
      <UniqueIdentifier>{d6d49ee7-1df0-4c2f-8046-2ff46c27bd8e}</UniqueIdentifier>
    </Filter>
    <Filter Include="Events">
      <UniqueIdentifier>{88228a57-e75a-42b9-a44c-c32248c485c5}</UniqueIdentifier>
    </Filter>
    <Filter Include="Types">
      <UniqueIdentifier>{944c80d4-2881-4756-9b6b-1f4b2985c175}</UniqueIdentifier>
    </Filter>
  </ItemGroup>
  <ItemGroup>
    <ClCompile Include="StringHelper.cpp">
      <Filter>Extensions</Filter>
    </ClCompile>
  </ItemGroup>
</Project>