<?xml version="1.0" encoding="utf-8"?>
<Project ToolsVersion="4.0" xmlns="http://schemas.microsoft.com/developer/msbuild/2003">
  <ItemGroup>
    <ClCompile Include="TrueFontDecoder.cpp">
      <Filter>Decoders\Fonts</Filter>
    </ClCompile>
    <ClCompile Include="MtlMaterialDecoder.cpp">
      <Filter>Decoders\Materials</Filter>
    </ClCompile>
    <ClCompile Include="ObjModelDecoder.cpp">
      <Filter>Decoders\Models</Filter>
    </ClCompile>
    <ClCompile Include="HeightmapDecoder.cpp">
      <Filter>Decoders\Terrain</Filter>
    </ClCompile>
    <ClCompile Include="TextureDecoder.cpp">
      <Filter>Decoders\Textures</Filter>
    </ClCompile>
  </ItemGroup>
  <ItemGroup>
    <ClInclude Include="..\Jagerts.Kaleid.Shared\Common.hpp">
      <Filter>Shared</Filter>
    </ClInclude>
    <ClInclude Include="TrueFontDecoder.hpp">
      <Filter>Decoders\Fonts</Filter>
    </ClInclude>
    <ClInclude Include="MaterialDecoder.hpp">
      <Filter>Decoders\Materials</Filter>
    </ClInclude>
    <ClInclude Include="MtlMaterialDecoder.hpp">
      <Filter>Decoders\Materials</Filter>
    </ClInclude>
    <ClInclude Include="ModelDecoder.hpp">
      <Filter>Decoders\Models</Filter>
    </ClInclude>
    <ClInclude Include="ObjModelDecoder.hpp">
      <Filter>Decoders\Models</Filter>
    </ClInclude>
    <ClInclude Include="HeightmapDecoder.hpp">
      <Filter>Decoders\Terrain</Filter>
    </ClInclude>
    <ClInclude Include="TextureDecoder.hpp">
      <Filter>Decoders\Textures</Filter>
    </ClInclude>
  </ItemGroup>
  <ItemGroup>
    <Filter Include="Decoders">
      <UniqueIdentifier>{af32de59-dd62-4659-9a2a-b0d771fcf0a1}</UniqueIdentifier>
    </Filter>
    <Filter Include="Decoders\Models">
      <UniqueIdentifier>{28d86a6d-d277-4a84-bb2a-86bc8c8a1b76}</UniqueIdentifier>
    </Filter>
    <Filter Include="Decoders\Terrain">
      <UniqueIdentifier>{c7d2290a-bf58-4eb1-95fc-25177605c245}</UniqueIdentifier>
    </Filter>
    <Filter Include="Decoders\Materials">
      <UniqueIdentifier>{436d49d3-c529-44f3-8e4c-c8be33076388}</UniqueIdentifier>
    </Filter>
    <Filter Include="Decoders\Textures">
      <UniqueIdentifier>{723ff00a-1854-481d-8f54-f78b93c6c4ab}</UniqueIdentifier>
    </Filter>
    <Filter Include="Decoders\Fonts">
      <UniqueIdentifier>{307a12bb-05c5-4e13-aea3-dc48c2e4dee9}</UniqueIdentifier>
    </Filter>
    <Filter Include="Shared">
      <UniqueIdentifier>{a3745a98-fad7-4519-9848-ab093f553e9d}</UniqueIdentifier>
    </Filter>
  </ItemGroup>
</Project>