<?xml version="1.0" encoding="utf-8"?>
<Project ToolsVersion="4.0" xmlns="http://schemas.microsoft.com/developer/msbuild/2003">
  <ItemGroup>
    <ClCompile Include="KeyBinding.cpp">
      <Filter>Keyboard</Filter>
    </ClCompile>
    <ClCompile Include="Keyboard.cpp">
      <Filter>Keyboard</Filter>
    </ClCompile>
    <ClCompile Include="Mouse.cpp">
      <Filter>Mouse</Filter>
    </ClCompile>
    <ClCompile Include="MouseClickBinding.cpp">
      <Filter>Mouse</Filter>
    </ClCompile>
    <ClCompile Include="MouseMoveBinding.cpp">
      <Filter>Mouse</Filter>
    </ClCompile>
  </ItemGroup>
  <ItemGroup>
    <ClInclude Include="..\Jagerts.Kaleid.Shared\Common.hpp">
      <Filter>Shared</Filter>
    </ClInclude>
    <ClInclude Include="KeyBinding.hpp">
      <Filter>Keyboard</Filter>
    </ClInclude>
    <ClInclude Include="Keyboard.hpp">
      <Filter>Keyboard</Filter>
    </ClInclude>
    <ClInclude Include="Mouse.hpp">
      <Filter>Mouse</Filter>
    </ClInclude>
    <ClInclude Include="MouseClickBinding.hpp">
      <Filter>Mouse</Filter>
    </ClInclude>
    <ClInclude Include="MouseMoveBinding.hpp">
      <Filter>Mouse</Filter>
    </ClInclude>
  </ItemGroup>
  <ItemGroup>
    <Filter Include="Shared">
      <UniqueIdentifier>{83cf2952-d6f6-4ca3-b19b-3405e3bcd5f3}</UniqueIdentifier>
    </Filter>
    <Filter Include="Keyboard">
      <UniqueIdentifier>{94b225a9-593a-4a99-91a7-db5f0a1ce41b}</UniqueIdentifier>
    </Filter>
    <Filter Include="Mouse">
      <UniqueIdentifier>{515e3abd-bbd5-4aa6-84c6-fa422d50962f}</UniqueIdentifier>
    </Filter>
  </ItemGroup>
</Project>