<?xml version="1.0" encoding="utf-8"?>
<Project ToolsVersion="4.0" xmlns="http://schemas.microsoft.com/developer/msbuild/2003">
  <ItemGroup>
    <ClCompile Include="CameraBase.cpp">
      <Filter>Cameras</Filter>
    </ClCompile>
    <ClCompile Include="PerspectiveCamera.cpp">
      <Filter>Cameras</Filter>
    </ClCompile>
    <ClCompile Include="Transform.cpp">
      <Filter>Core</Filter>
    </ClCompile>
  </ItemGroup>
  <ItemGroup>
    <ClInclude Include="..\Jagerts.Kaleid.Shared\Common.hpp">
      <Filter>Shared</Filter>
    </ClInclude>
    <ClInclude Include="CameraBase.hpp">
      <Filter>Cameras</Filter>
    </ClInclude>
    <ClInclude Include="PerspectiveCamera.hpp">
      <Filter>Cameras</Filter>
    </ClInclude>
    <ClInclude Include="Transform.hpp">
      <Filter>Core</Filter>
    </ClInclude>
    <ClInclude Include="Vector.hpp">
      <Filter>Core</Filter>
    </ClInclude>
    <ClInclude Include="Matrix.hpp">
      <Filter>Core</Filter>
    </ClInclude>
  </ItemGroup>
  <ItemGroup>
    <Filter Include="Cameras">
      <UniqueIdentifier>{5a4c6c6c-75ef-44a2-8a35-f0938c45b147}</UniqueIdentifier>
    </Filter>
    <Filter Include="Shared">
      <UniqueIdentifier>{454479d6-9ddc-4d75-8510-59f0af1ff625}</UniqueIdentifier>
    </Filter>
    <Filter Include="Core">
      <UniqueIdentifier>{6b38f5d5-86bc-477b-8154-8e9838270939}</UniqueIdentifier>
    </Filter>
  </ItemGroup>
</Project>